
Microsoft Visual Studio Solution File, Format Version 12.00
# Visual Studio 14
VisualStudioVersion = 14.0.25123.0
MinimumVisualStudioVersion = 10.0.40219.1
Project("{FAE04EC0-301F-11D3-BF4B-00C04F79EFBC}") = "MVC", "MVC\MVC.csproj", "{35FAB7F9-0EAD-4D5E-A9D0-6E29E08675AC}"
EndProject
Project("{2150E333-8FDC-42A3-9474-1A3956D46DE8}") = "1.Presentation", "1.Presentation", "{F7328E1F-A143-430D-A016-1510B26927B6}"
EndProject
Project("{FAE04EC0-301F-11D3-BF4B-00C04F79EFBC}") = "IoC", "IoC\IoC.csproj", "{7B92928E-05D0-4094-8658-88E045E64B9C}"
EndProject
Project("{FAE04EC0-301F-11D3-BF4B-00C04F79EFBC}") = "Entities", "Entities\Entities.csproj", "{BBF1DDEB-294D-45FB-A56A-767B6D4A3991}"
EndProject
Project("{FAE04EC0-301F-11D3-BF4B-00C04F79EFBC}") = "DAL", "DAL\DAL.csproj", "{A9A27F41-A535-4585-894A-08032FDF13BD}"
EndProject
Project("{FAE04EC0-301F-11D3-BF4B-00C04F79EFBC}") = "BLL", "BLL\BLL.csproj", "{F4A5281C-6962-45A2-BA46-97D732A6450A}"
EndProject
Project("{2150E333-8FDC-42A3-9474-1A3956D46DE8}") = "2.Business", "2.Business", "{0F5BB165-CAF4-4A16-B126-295C6671FC7E}"
EndProject
Project("{2150E333-8FDC-42A3-9474-1A3956D46DE8}") = "3.Data Access layer", "3.Data Access layer", "{8A80047D-FB19-465E-8054-9898AFF95A58}"
EndProject
Project("{2150E333-8FDC-42A3-9474-1A3956D46DE8}") = "4.Model", "4.Model", "{4333D49D-4BDF-4567-A031-C6A33116FC21}"
EndProject
Project("{2150E333-8FDC-42A3-9474-1A3956D46DE8}") = "5.Infrastructure", "5.Infrastructure", "{1C9D8B1E-32D3-4E93-BC6B-F302522F3452}"
EndProject
Global
	GlobalSection(SolutionConfigurationPlatforms) = preSolution
		Debug|Any CPU = Debug|Any CPU
		Release|Any CPU = Release|Any CPU
	EndGlobalSection
	GlobalSection(ProjectConfigurationPlatforms) = postSolution
		{35FAB7F9-0EAD-4D5E-A9D0-6E29E08675AC}.Debug|Any CPU.ActiveCfg = Debug|Any CPU
		{35FAB7F9-0EAD-4D5E-A9D0-6E29E08675AC}.Debug|Any CPU.Build.0 = Debug|Any CPU
		{35FAB7F9-0EAD-4D5E-A9D0-6E29E08675AC}.Release|Any CPU.ActiveCfg = Release|Any CPU
		{35FAB7F9-0EAD-4D5E-A9D0-6E29E08675AC}.Release|Any CPU.Build.0 = Release|Any CPU
		{7B92928E-05D0-4094-8658-88E045E64B9C}.Debug|Any CPU.ActiveCfg = Debug|Any CPU
		{7B92928E-05D0-4094-8658-88E045E64B9C}.Debug|Any CPU.Build.0 = Debug|Any CPU
		{7B92928E-05D0-4094-8658-88E045E64B9C}.Release|Any CPU.ActiveCfg = Release|Any CPU
		{7B92928E-05D0-4094-8658-88E045E64B9C}.Release|Any CPU.Build.0 = Release|Any CPU
		{BBF1DDEB-294D-45FB-A56A-767B6D4A3991}.Debug|Any CPU.ActiveCfg = Debug|Any CPU
		{BBF1DDEB-294D-45FB-A56A-767B6D4A3991}.Debug|Any CPU.Build.0 = Debug|Any CPU
		{BBF1DDEB-294D-45FB-A56A-767B6D4A3991}.Release|Any CPU.ActiveCfg = Release|Any CPU
		{BBF1DDEB-294D-45FB-A56A-767B6D4A3991}.Release|Any CPU.Build.0 = Release|Any CPU
		{A9A27F41-A535-4585-894A-08032FDF13BD}.Debug|Any CPU.ActiveCfg = Debug|Any CPU
		{A9A27F41-A535-4585-894A-08032FDF13BD}.Debug|Any CPU.Build.0 = Debug|Any CPU
		{A9A27F41-A535-4585-894A-08032FDF13BD}.Release|Any CPU.ActiveCfg = Release|Any CPU
		{A9A27F41-A535-4585-894A-08032FDF13BD}.Release|Any CPU.Build.0 = Release|Any CPU
		{F4A5281C-6962-45A2-BA46-97D732A6450A}.Debug|Any CPU.ActiveCfg = Debug|Any CPU
		{F4A5281C-6962-45A2-BA46-97D732A6450A}.Debug|Any CPU.Build.0 = Debug|Any CPU
		{F4A5281C-6962-45A2-BA46-97D732A6450A}.Release|Any CPU.ActiveCfg = Release|Any CPU
		{F4A5281C-6962-45A2-BA46-97D732A6450A}.Release|Any CPU.Build.0 = Release|Any CPU
	EndGlobalSection
	GlobalSection(SolutionProperties) = preSolution
		HideSolutionNode = FALSE
	EndGlobalSection
	GlobalSection(NestedProjects) = preSolution
		{35FAB7F9-0EAD-4D5E-A9D0-6E29E08675AC} = {F7328E1F-A143-430D-A016-1510B26927B6}
		{7B92928E-05D0-4094-8658-88E045E64B9C} = {1C9D8B1E-32D3-4E93-BC6B-F302522F3452}
		{BBF1DDEB-294D-45FB-A56A-767B6D4A3991} = {4333D49D-4BDF-4567-A031-C6A33116FC21}
		{A9A27F41-A535-4585-894A-08032FDF13BD} = {8A80047D-FB19-465E-8054-9898AFF95A58}
		{F4A5281C-6962-45A2-BA46-97D732A6450A} = {0F5BB165-CAF4-4A16-B126-295C6671FC7E}
	EndGlobalSection
EndGlobal
